
Microsoft Visual Studio Solution File, Format Version 12.00
# Visual Studio Version 16
VisualStudioVersion = 16.0.30517.126
MinimumVisualStudioVersion = 10.0.40219.1
Project("{FAE04EC0-301F-11D3-BF4B-00C04F79EFBC}") = "Exercício individual Aula 31_08", "Exercício individual Aula 31_08\Exercício individual Aula 31_08.csproj", "{C6002E1E-0D80-4742-964F-C74269010EBD}"
EndProject
Global
	GlobalSection(SolutionConfigurationPlatforms) = preSolution
		Debug|Any CPU = Debug|Any CPU
		Release|Any CPU = Release|Any CPU
	EndGlobalSection
	GlobalSection(ProjectConfigurationPlatforms) = postSolution
		{C6002E1E-0D80-4742-964F-C74269010EBD}.Debug|Any CPU.ActiveCfg = Debug|Any CPU
		{C6002E1E-0D80-4742-964F-C74269010EBD}.Debug|Any CPU.Build.0 = Debug|Any CPU
		{C6002E1E-0D80-4742-964F-C74269010EBD}.Release|Any CPU.ActiveCfg = Release|Any CPU
		{C6002E1E-0D80-4742-964F-C74269010EBD}.Release|Any CPU.Build.0 = Release|Any CPU
	EndGlobalSection
	GlobalSection(SolutionProperties) = preSolution
		HideSolutionNode = FALSE
	EndGlobalSection
	GlobalSection(ExtensibilityGlobals) = postSolution
		SolutionGuid = {F51D66DC-7911-4506-806D-6260DC763427}
	EndGlobalSection
EndGlobal
